
Microsoft Visual Studio Solution File, Format Version 12.00
# Visual Studio Version 17
VisualStudioVersion = 17.7.34031.279
MinimumVisualStudioVersion = 10.0.40219.1
Project("{9A19103F-16F7-4668-BE54-9A1E7A4F7556}") = "KaraKuljaFund", "KaraKuljaFund\KaraKuljaFund.csproj", "{A3D134CA-E3F7-4DA5-B1C4-75966E42ED2F}"
EndProject
Global
	GlobalSection(SolutionConfigurationPlatforms) = preSolution
		Debug|Any CPU = Debug|Any CPU
		Release|Any CPU = Release|Any CPU
	EndGlobalSection
	GlobalSection(ProjectConfigurationPlatforms) = postSolution
		{A3D134CA-E3F7-4DA5-B1C4-75966E42ED2F}.Debug|Any CPU.ActiveCfg = Debug|Any CPU
		{A3D134CA-E3F7-4DA5-B1C4-75966E42ED2F}.Debug|Any CPU.Build.0 = Debug|Any CPU
		{A3D134CA-E3F7-4DA5-B1C4-75966E42ED2F}.Debug|Any CPU.Deploy.0 = Debug|Any CPU
		{A3D134CA-E3F7-4DA5-B1C4-75966E42ED2F}.Release|Any CPU.ActiveCfg = Release|Any CPU
		{A3D134CA-E3F7-4DA5-B1C4-75966E42ED2F}.Release|Any CPU.Build.0 = Release|Any CPU
		{A3D134CA-E3F7-4DA5-B1C4-75966E42ED2F}.Release|Any CPU.Deploy.0 = Release|Any CPU
	EndGlobalSection
	GlobalSection(SolutionProperties) = preSolution
		HideSolutionNode = FALSE
	EndGlobalSection
	GlobalSection(ExtensibilityGlobals) = postSolution
		SolutionGuid = {5437D977-D539-4BB8-B381-CCDBD58B306A}
	EndGlobalSection
EndGlobal
